# THIS IS AN AUTOGENERATED FILE. DO NOT EDIT THIS FILE DIRECTLY.
# yarn lockfile v1


"@types/node@*":
  version "10.12.0"
  resolved "https://registry.yarnpkg.com/@types/node/-/node-10.12.0.tgz#ea6dcbddbc5b584c83f06c60e82736d8fbb0c235"

ansi-styles@^3.2.1:
  version "3.2.1"
  resolved "https://registry.yarnpkg.com/ansi-styles/-/ansi-styles-3.2.1.tgz#41fbb20243e50b12be0f04b8dedbf07520ce841d"
  dependencies:
    color-convert "^1.9.0"

axios@^0.18.0:
  version "0.18.0"
  resolved "http://registry.npmjs.org/axios/-/axios-0.18.0.tgz#32d53e4851efdc0a11993b6cd000789d70c05102"
  dependencies:
    follow-redirects "^1.3.0"
    is-buffer "^1.1.5"

boolbase@~1.0.0:
  version "1.0.0"
  resolved "https://registry.yarnpkg.com/boolbase/-/boolbase-1.0.0.tgz#68dff5fbe60c51eb37725ea9e3ed310dcc1e776e"

chalk@^2.4.1:
  version "2.4.1"
  resolved "https://registry.yarnpkg.com/chalk/-/chalk-2.4.1.tgz#18c49ab16a037b6eb0152cc83e3471338215b66e"
  dependencies:
    ansi-styles "^3.2.1"
    escape-string-regexp "^1.0.5"
    supports-color "^5.3.0"

cheerio@^1.0.0-rc.2:
  version "1.0.0-rc.2"
  resolved "https://registry.yarnpkg.com/cheerio/-/cheerio-1.0.0-rc.2.tgz#4b9f53a81b27e4d5dac31c0ffd0cfa03cc6830db"
  dependencies:
    css-select "~1.2.0"
    dom-serializer "~0.1.0"
    entities "~1.1.1"
    htmlparser2 "^3.9.1"
    lodash "^4.15.0"
    parse5 "^3.0.1"

color-convert@^1.9.0:
  version "1.9.3"
  resolved "https://registry.yarnpkg.com/color-convert/-/color-convert-1.9.3.tgz#bb71850690e1f136567de629d2d5471deda4c1e8"
  dependencies:
    color-name "1.1.3"

color-name@1.1.3:
  version "1.1.3"
  resolved "https://registry.yarnpkg.com/color-name/-/color-name-1.1.3.tgz#a7d0558bd89c42f795dd42328f740831ca53bc25"

css-select@~1.2.0:
  version "1.2.0"
  resolved "http://registry.npmjs.org/css-select/-/css-select-1.2.0.tgz#2b3a110539c5355f1cd8d314623e870b121ec858"
  dependencies:
    boolbase "~1.0.0"
    css-what "2.1"
    domutils "1.5.1"
    nth-check "~1.0.1"

css-what@2.1:
  version "2.1.2"
  resolved "https://registry.yarnpkg.com/css-what/-/css-what-2.1.2.tgz#c0876d9d0480927d7d4920dcd72af3595649554d"

debug@=3.1.0:
  version "3.1.0"
  resolved "https://registry.yarnpkg.com/debug/-/debug-3.1.0.tgz#5bb5a0672628b64149566ba16819e61518c67261"
  dependencies:
    ms "2.0.0"

dom-serializer@0, dom-serializer@~0.1.0:
  version "0.1.0"
  resolved "https://registry.yarnpkg.com/dom-serializer/-/dom-serializer-0.1.0.tgz#073c697546ce0780ce23be4a28e293e40bc30c82"
  dependencies:
    domelementtype "~1.1.1"
    entities "~1.1.1"

domelementtype@1:
  version "1.2.1"
  resolved "https://registry.yarnpkg.com/domelementtype/-/domelementtype-1.2.1.tgz#578558ef23befac043a1abb0db07635509393479"

domelementtype@^1.3.0:
  version "1.3.0"
  resolved "http://registry.npmjs.org/domelementtype/-/domelementtype-1.3.0.tgz#b17aed82e8ab59e52dd9c19b1756e0fc187204c2"

domelementtype@~1.1.1:
  version "1.1.3"
  resolved "http://registry.npmjs.org/domelementtype/-/domelementtype-1.1.3.tgz#bd28773e2642881aec51544924299c5cd822185b"

domhandler@^2.3.0:
  version "2.4.2"
  resolved "https://registry.yarnpkg.com/domhandler/-/domhandler-2.4.2.tgz#8805097e933d65e85546f726d60f5eb88b44f803"
  dependencies:
    domelementtype "1"

domutils@1.5.1:
  version "1.5.1"
  resolved "https://registry.yarnpkg.com/domutils/-/domutils-1.5.1.tgz#dcd8488a26f563d61079e48c9f7b7e32373682cf"
  dependencies:
    dom-serializer "0"
    domelementtype "1"

domutils@^1.5.1:
  version "1.7.0"
  resolved "https://registry.yarnpkg.com/domutils/-/domutils-1.7.0.tgz#56ea341e834e06e6748af7a1cb25da67ea9f8c2a"
  dependencies:
    dom-serializer "0"
    domelementtype "1"

entities@^1.1.1, entities@~1.1.1:
  version "1.1.2"
  resolved "https://registry.yarnpkg.com/entities/-/entities-1.1.2.tgz#bdfa735299664dfafd34529ed4f8522a275fea56"

escape-string-regexp@^1.0.5:
  version "1.0.5"
  resolved "https://registry.yarnpkg.com/escape-string-regexp/-/escape-string-regexp-1.0.5.tgz#1b61c0562190a8dff6ae3bb2cf0200ca130b86d4"

follow-redirects@^1.3.0:
  version "1.5.9"
  resolved "https://registry.yarnpkg.com/follow-redirects/-/follow-redirects-1.5.9.tgz#c9ed9d748b814a39535716e531b9196a845d89c6"
  dependencies:
    debug "=3.1.0"

has-flag@^3.0.0:
  version "3.0.0"
  resolved "https://registry.yarnpkg.com/has-flag/-/has-flag-3.0.0.tgz#b5d454dc2199ae225699f3467e5a07f3b955bafd"

htmlparser2@^3.9.1:
  version "3.10.0"
  resolved "https://registry.yarnpkg.com/htmlparser2/-/htmlparser2-3.10.0.tgz#5f5e422dcf6119c0d983ed36260ce9ded0bee464"
  dependencies:
    domelementtype "^1.3.0"
    domhandler "^2.3.0"
    domutils "^1.5.1"
    entities "^1.1.1"
    inherits "^2.0.1"
    readable-stream "^3.0.6"

inherits@^2.0.1, inherits@^2.0.3:
  version "2.0.3"
  resolved "https://registry.yarnpkg.com/inherits/-/inherits-2.0.3.tgz#633c2c83e3da42a502f52466022480f4208261de"

is-buffer@^1.1.5:
  version "1.1.6"
  resolved "https://registry.yarnpkg.com/is-buffer/-/is-buffer-1.1.6.tgz#efaa2ea9daa0d7ab2ea13a97b2b8ad51fefbe8be"

lodash@^4.15.0:
  version "4.17.11"
  resolved "https://registry.yarnpkg.com/lodash/-/lodash-4.17.11.tgz#b39ea6229ef607ecd89e2c8df12536891cac9b8d"

ms@2.0.0:
  version "2.0.0"
  resolved "https://registry.yarnpkg.com/ms/-/ms-2.0.0.tgz#5608aeadfc00be6c2901df5f9861788de0d597c8"

nth-check@~1.0.1:
  version "1.0.2"
  resolved "https://registry.yarnpkg.com/nth-check/-/nth-check-1.0.2.tgz#b2bd295c37e3dd58a3bf0700376663ba4d9cf05c"
  dependencies:
    boolbase "~1.0.0"

parse5@^3.0.1:
  version "3.0.3"
  resolved "https://registry.yarnpkg.com/parse5/-/parse5-3.0.3.tgz#042f792ffdd36851551cf4e9e066b3874ab45b5c"
  dependencies:
    "@types/node" "*"

readable-stream@^3.0.6:
  version "3.0.6"
  resolved "https://registry.yarnpkg.com/readable-stream/-/readable-stream-3.0.6.tgz#351302e4c68b5abd6a2ed55376a7f9a25be3057a"
  dependencies:
    inherits "^2.0.3"
    string_decoder "^1.1.1"
    util-deprecate "^1.0.1"

safe-buffer@~5.1.0:
  version "5.1.2"
  resolved "https://registry.yarnpkg.com/safe-buffer/-/safe-buffer-5.1.2.tgz#991ec69d296e0313747d59bdfd2b745c35f8828d"

string_decoder@^1.1.1:
  version "1.1.1"
  resolved "https://registry.yarnpkg.com/string_decoder/-/string_decoder-1.1.1.tgz#9cf1611ba62685d7030ae9e4ba34149c3af03fc8"
  dependencies:
    safe-buffer "~5.1.0"

supports-color@^5.3.0:
  version "5.5.0"
  resolved "https://registry.yarnpkg.com/supports-color/-/supports-color-5.5.0.tgz#e2e69a44ac8772f78a1ec0b35b689df6530efc8f"
  dependencies:
    has-flag "^3.0.0"

util-deprecate@^1.0.1:
  version "1.0.2"
  resolved "https://registry.yarnpkg.com/util-deprecate/-/util-deprecate-1.0.2.tgz#450d4dc9fa70de732762fbd2d4a28981419a0ccf"
